version: 1
generated_at: 2026-06-11T15:33:14Z
internal: []
trusted:
  - action: actions/cache
    refs:
      - 6f8efc29b200d32929f49075959781ed54ec270c
      - 8492260343ad570701412c2f464a5877dc76bace
    occurrences:
      8492260343ad570701412c2f464a5877dc76bace:
        .github/workflows/elixir.yml:
          - jobs.test.steps.[2].uses
      6f8efc29b200d32929f49075959781ed54ec270c:
        .github/workflows/elixir.yml:
          - jobs.test.steps.[7].uses
  - action: actions/checkout
    refs:
      - ee0669bd1cc54295c223e0bb666b733df41de1c5
    occurrences:
      ee0669bd1cc54295c223e0bb666b733df41de1c5:
        .github/workflows/elixir.yml:
          - jobs.test.steps.[0].uses
external:
  - action: erlef/setup-beam
    refs:
      - fc68ffb90438ef2936bbb3251622353b3dcb2f93
    occurrences:
      fc68ffb90438ef2936bbb3251622353b3dcb2f93:
        .github/workflows/elixir.yml:
          - jobs.test.steps.[1].uses
local: []
docker: []
dynamic: []
